
Microsoft Visual Studio Solution File, Format Version 12.00
# Visual Studio Version 17
VisualStudioVersion = 17.7.34302.85
MinimumVisualStudioVersion = 10.0.40219.1
Project("{2150E333-8FDC-42A3-9474-1A3956D46DE8}") = "src", "src", "{BDDC66B5-A703-4664-BE2A-6470A0A01FF6}"
EndProject
Project("{2150E333-8FDC-42A3-9474-1A3956D46DE8}") = "Services", "Services", "{9409D6D1-4A7D-4128-BC98-1DE30F0266AE}"
EndProject
Project("{2150E333-8FDC-42A3-9474-1A3956D46DE8}") = "AVIVA", "AVIVA", "{118EAA39-324F-4981-BE0D-9FF3081CD69C}"
EndProject
Project("{2150E333-8FDC-42A3-9474-1A3956D46DE8}") = "Presentation", "Presentation", "{F64A2663-FAC7-45B0-B035-7E38EE5788FA}"
EndProject
Project("{2150E333-8FDC-42A3-9474-1A3956D46DE8}") = "Core", "Core", "{8CDF8EE7-D875-4E9E-9043-5EF111CD4BF5}"
EndProject
Project("{2150E333-8FDC-42A3-9474-1A3956D46DE8}") = "Infrastructure", "Infrastructure", "{6493A176-D238-4988-BE92-BCD05551EDD5}"
EndProject
Project("{2150E333-8FDC-42A3-9474-1A3956D46DE8}") = "Solution Items", "Solution Items", "{37D25D59-724E-4918-928F-0CF1FA52819D}"
	ProjectSection(SolutionItems) = preProject
		.editorconfig = .editorconfig
	EndProjectSection
EndProject
Project("{2150E333-8FDC-42A3-9474-1A3956D46DE8}") = "Tests", "Tests", "{716A57F6-DCAA-4AC7-8EFC-49074731DCB5}"
EndProject
Project("{2150E333-8FDC-42A3-9474-1A3956D46DE8}") = "Services", "Services", "{14A7AA6A-8951-4715-B254-130336D6A94B}"
EndProject
Project("{2150E333-8FDC-42A3-9474-1A3956D46DE8}") = "AVIVA", "AVIVA", "{B31DAD1E-9DCA-4BF8-8AE4-193725865022}"
EndProject
Project("{2150E333-8FDC-42A3-9474-1A3956D46DE8}") = "Core", "Core", "{438D7898-A579-44EB-9774-47CC7FD67A58}"
EndProject
Project("{9A19103F-16F7-4668-BE54-9A1E7A4F7556}") = "AVIVA.Application.Test", "src\Tests\Services\AVIVA\Core\AVIVA.Application.Test\AVIVA.Application.Test.csproj", "{DEA8CBAF-D4FF-45FE-B0C7-3CF5F65CC13C}"
EndProject
Project("{9A19103F-16F7-4668-BE54-9A1E7A4F7556}") = "AVIVA.Application", "src\Services\AVIVA\AVIVA.Application\AVIVA.Application.csproj", "{3590651E-3E82-43B5-96D2-42D5D36F1D46}"
EndProject
Project("{9A19103F-16F7-4668-BE54-9A1E7A4F7556}") = "AVIVA.Domain", "src\Services\AVIVA\AVIVA.Domain\AVIVA.Domain.csproj", "{92E5115B-EFDF-4657-85E3-8720B03AC71D}"
EndProject
Project("{9A19103F-16F7-4668-BE54-9A1E7A4F7556}") = "AVIVA.Infrastructure.Persistence", "src\Services\AVIVA\AVIVA.Infrastructure.Persistence\AVIVA.Infrastructure.Persistence.csproj", "{B9F4DA04-4BD8-47BF-AFFC-8FE3C59DEF98}"
EndProject
Project("{9A19103F-16F7-4668-BE54-9A1E7A4F7556}") = "AVIVA.Infrastructure.Shared", "src\Services\AVIVA\AVIVA.Infrastructure.Shared\AVIVA.Infrastructure.Shared.csproj", "{D1B280F1-83BD-4479-B14F-C9A5D95F185E}"
EndProject
Project("{9A19103F-16F7-4668-BE54-9A1E7A4F7556}") = "AVIVA.WebApi", "src\Services\AVIVA\AVIVA.WebApi\AVIVA.WebApi.csproj", "{3C5E04E2-DBDC-464D-A5C3-461522032D29}"
EndProject
Global
	GlobalSection(SolutionConfigurationPlatforms) = preSolution
		Debug|Any CPU = Debug|Any CPU
		Release|Any CPU = Release|Any CPU
	EndGlobalSection
	GlobalSection(ProjectConfigurationPlatforms) = postSolution
		{DEA8CBAF-D4FF-45FE-B0C7-3CF5F65CC13C}.Debug|Any CPU.ActiveCfg = Debug|Any CPU
		{DEA8CBAF-D4FF-45FE-B0C7-3CF5F65CC13C}.Debug|Any CPU.Build.0 = Debug|Any CPU
		{DEA8CBAF-D4FF-45FE-B0C7-3CF5F65CC13C}.Release|Any CPU.ActiveCfg = Release|Any CPU
		{DEA8CBAF-D4FF-45FE-B0C7-3CF5F65CC13C}.Release|Any CPU.Build.0 = Release|Any CPU
		{3590651E-3E82-43B5-96D2-42D5D36F1D46}.Debug|Any CPU.ActiveCfg = Debug|Any CPU
		{3590651E-3E82-43B5-96D2-42D5D36F1D46}.Debug|Any CPU.Build.0 = Debug|Any CPU
		{3590651E-3E82-43B5-96D2-42D5D36F1D46}.Release|Any CPU.ActiveCfg = Release|Any CPU
		{3590651E-3E82-43B5-96D2-42D5D36F1D46}.Release|Any CPU.Build.0 = Release|Any CPU
		{92E5115B-EFDF-4657-85E3-8720B03AC71D}.Debug|Any CPU.ActiveCfg = Debug|Any CPU
		{92E5115B-EFDF-4657-85E3-8720B03AC71D}.Debug|Any CPU.Build.0 = Debug|Any CPU
		{92E5115B-EFDF-4657-85E3-8720B03AC71D}.Release|Any CPU.ActiveCfg = Release|Any CPU
		{92E5115B-EFDF-4657-85E3-8720B03AC71D}.Release|Any CPU.Build.0 = Release|Any CPU
		{B9F4DA04-4BD8-47BF-AFFC-8FE3C59DEF98}.Debug|Any CPU.ActiveCfg = Debug|Any CPU
		{B9F4DA04-4BD8-47BF-AFFC-8FE3C59DEF98}.Debug|Any CPU.Build.0 = Debug|Any CPU
		{B9F4DA04-4BD8-47BF-AFFC-8FE3C59DEF98}.Release|Any CPU.ActiveCfg = Release|Any CPU
		{B9F4DA04-4BD8-47BF-AFFC-8FE3C59DEF98}.Release|Any CPU.Build.0 = Release|Any CPU
		{D1B280F1-83BD-4479-B14F-C9A5D95F185E}.Debug|Any CPU.ActiveCfg = Debug|Any CPU
		{D1B280F1-83BD-4479-B14F-C9A5D95F185E}.Debug|Any CPU.Build.0 = Debug|Any CPU
		{D1B280F1-83BD-4479-B14F-C9A5D95F185E}.Release|Any CPU.ActiveCfg = Release|Any CPU
		{D1B280F1-83BD-4479-B14F-C9A5D95F185E}.Release|Any CPU.Build.0 = Release|Any CPU
		{3C5E04E2-DBDC-464D-A5C3-461522032D29}.Debug|Any CPU.ActiveCfg = Debug|Any CPU
		{3C5E04E2-DBDC-464D-A5C3-461522032D29}.Debug|Any CPU.Build.0 = Debug|Any CPU
		{3C5E04E2-DBDC-464D-A5C3-461522032D29}.Release|Any CPU.ActiveCfg = Release|Any CPU
		{3C5E04E2-DBDC-464D-A5C3-461522032D29}.Release|Any CPU.Build.0 = Release|Any CPU
	EndGlobalSection
	GlobalSection(SolutionProperties) = preSolution
		HideSolutionNode = FALSE
	EndGlobalSection
	GlobalSection(NestedProjects) = preSolution
		{9409D6D1-4A7D-4128-BC98-1DE30F0266AE} = {BDDC66B5-A703-4664-BE2A-6470A0A01FF6}
		{118EAA39-324F-4981-BE0D-9FF3081CD69C} = {9409D6D1-4A7D-4128-BC98-1DE30F0266AE}
		{F64A2663-FAC7-45B0-B035-7E38EE5788FA} = {118EAA39-324F-4981-BE0D-9FF3081CD69C}
		{8CDF8EE7-D875-4E9E-9043-5EF111CD4BF5} = {118EAA39-324F-4981-BE0D-9FF3081CD69C}
		{6493A176-D238-4988-BE92-BCD05551EDD5} = {118EAA39-324F-4981-BE0D-9FF3081CD69C}
		{716A57F6-DCAA-4AC7-8EFC-49074731DCB5} = {BDDC66B5-A703-4664-BE2A-6470A0A01FF6}
		{14A7AA6A-8951-4715-B254-130336D6A94B} = {716A57F6-DCAA-4AC7-8EFC-49074731DCB5}
		{B31DAD1E-9DCA-4BF8-8AE4-193725865022} = {14A7AA6A-8951-4715-B254-130336D6A94B}
		{438D7898-A579-44EB-9774-47CC7FD67A58} = {B31DAD1E-9DCA-4BF8-8AE4-193725865022}
		{DEA8CBAF-D4FF-45FE-B0C7-3CF5F65CC13C} = {438D7898-A579-44EB-9774-47CC7FD67A58}
		{3590651E-3E82-43B5-96D2-42D5D36F1D46} = {8CDF8EE7-D875-4E9E-9043-5EF111CD4BF5}
		{92E5115B-EFDF-4657-85E3-8720B03AC71D} = {8CDF8EE7-D875-4E9E-9043-5EF111CD4BF5}
		{B9F4DA04-4BD8-47BF-AFFC-8FE3C59DEF98} = {6493A176-D238-4988-BE92-BCD05551EDD5}
		{D1B280F1-83BD-4479-B14F-C9A5D95F185E} = {6493A176-D238-4988-BE92-BCD05551EDD5}
		{3C5E04E2-DBDC-464D-A5C3-461522032D29} = {F64A2663-FAC7-45B0-B035-7E38EE5788FA}
	EndGlobalSection
	GlobalSection(ExtensibilityGlobals) = postSolution
		SolutionGuid = {51E1E1C3-8D14-4F22-830D-18662711B6AB}
	EndGlobalSection
EndGlobal
